
Microsoft Visual Studio Solution File, Format Version 12.00
# Visual Studio Version 17
VisualStudioVersion = 17.9.34723.18
MinimumVisualStudioVersion = 10.0.40219.1
Project("{FAE04EC0-301F-11D3-BF4B-00C04F79EFBC}") = "Interitance test", "Interitance test.csproj", "{F80F22D0-8CA9-4D89-ADCF-2E02477D921A}"
EndProject
Global
	GlobalSection(SolutionConfigurationPlatforms) = preSolution
		Debug|Any CPU = Debug|Any CPU
		Release|Any CPU = Release|Any CPU
	EndGlobalSection
	GlobalSection(ProjectConfigurationPlatforms) = postSolution
		{F80F22D0-8CA9-4D89-ADCF-2E02477D921A}.Debug|Any CPU.ActiveCfg = Debug|Any CPU
		{F80F22D0-8CA9-4D89-ADCF-2E02477D921A}.Debug|Any CPU.Build.0 = Debug|Any CPU
		{F80F22D0-8CA9-4D89-ADCF-2E02477D921A}.Release|Any CPU.ActiveCfg = Release|Any CPU
		{F80F22D0-8CA9-4D89-ADCF-2E02477D921A}.Release|Any CPU.Build.0 = Release|Any CPU
	EndGlobalSection
	GlobalSection(SolutionProperties) = preSolution
		HideSolutionNode = FALSE
	EndGlobalSection
	GlobalSection(ExtensibilityGlobals) = postSolution
		SolutionGuid = {9214601A-9458-48E8-B5C5-48790BAB6208}
	EndGlobalSection
EndGlobal
